
Microsoft Visual Studio Solution File, Format Version 12.00
# Visual Studio Version 17
VisualStudioVersion = 17.9.34714.143
MinimumVisualStudioVersion = 10.0.40219.1
Project("{8BC9CEB8-8B4A-11D0-8D11-00A0C91BC942}") = "mycode", "mycode.vcxproj", "{58609334-1F78-4D9B-8CE5-8035BB34DA7F}"
EndProject
Global
	GlobalSection(SolutionConfigurationPlatforms) = preSolution
		Debug|x64 = Debug|x64
		Debug|x86 = Debug|x86
		Release|x64 = Release|x64
		Release|x86 = Release|x86
	EndGlobalSection
	GlobalSection(ProjectConfigurationPlatforms) = postSolution
		{58609334-1F78-4D9B-8CE5-8035BB34DA7F}.Debug|x64.ActiveCfg = Debug|x64
		{58609334-1F78-4D9B-8CE5-8035BB34DA7F}.Debug|x64.Build.0 = Debug|x64
		{58609334-1F78-4D9B-8CE5-8035BB34DA7F}.Debug|x86.ActiveCfg = Debug|Win32
		{58609334-1F78-4D9B-8CE5-8035BB34DA7F}.Debug|x86.Build.0 = Debug|Win32
		{58609334-1F78-4D9B-8CE5-8035BB34DA7F}.Release|x64.ActiveCfg = Release|x64
		{58609334-1F78-4D9B-8CE5-8035BB34DA7F}.Release|x64.Build.0 = Release|x64
		{58609334-1F78-4D9B-8CE5-8035BB34DA7F}.Release|x86.ActiveCfg = Release|Win32
		{58609334-1F78-4D9B-8CE5-8035BB34DA7F}.Release|x86.Build.0 = Release|Win32
	EndGlobalSection
	GlobalSection(SolutionProperties) = preSolution
		HideSolutionNode = FALSE
	EndGlobalSection
	GlobalSection(ExtensibilityGlobals) = postSolution
		SolutionGuid = {ADBB9BD5-9865-45D1-A9A7-1FC19A38FC47}
	EndGlobalSection
EndGlobal
